// !$*UTF8*$!
{
	archiveVersion = 1;
	classes = {
	};
	objectVersion = 56;
	objects = {

/* Begin PBXBuildFile section */
		BDBD23592A337C600049722A /* Question_AppApp.swift in Sources */ = {isa = PBXBuildFile; fileRef = BDBD23582A337C600049722A /* Question_AppApp.swift */; };
		BDBD235B2A337C600049722A /* ContentView.swift in Sources */ = {isa = PBXBuildFile; fileRef = BDBD235A2A337C600049722A /* ContentView.swift */; };
		BDBD235D2A337C630049722A /* Assets.xcassets in Resources */ = {isa = PBXBuildFile; fileRef = BDBD235C2A337C630049722A /* Assets.xcassets */; };
		BDBD23602A337C630049722A /* Preview Assets.xcassets in Resources */ = {isa = PBXBuildFile; fileRef = BDBD235F2A337C630049722A /* Preview Assets.xcassets */; };
		BDBD23672A337C9A0049722A /* FirstQuestion.swift in Sources */ = {isa = PBXBuildFile; fileRef = BDBD23662A337C9A0049722A /* FirstQuestion.swift */; };
		BDBD23692A337CB00049722A /* SecondQuestion.swift in Sources */ = {isa = PBXBuildFile; fileRef = BDBD23682A337CB00049722A /* SecondQuestion.swift */; };
		BDBD236B2A337CC60049722A /* ThirdQuestion.swift in Sources */ = {isa = PBXBuildFile; fileRef = BDBD236A2A337CC60049722A /* ThirdQuestion.swift */; };
		BDBD236D2A337CD50049722A /* Thanks.swift in Sources */ = {isa = PBXBuildFile; fileRef = BDBD236C2A337CD50049722A /* Thanks.swift */; };
/* End PBXBuildFile section */

/* Begin PBXFileReference section */
		BDBD23552A337C600049722A /* Question App.app */ = {isa = PBXFileReference; explicitFileType = wrapper.application; includeInIndex = 0; path = "Question App.app"; sourceTree = BUILT_PRODUCTS_DIR; };
		BDBD23582A337C600049722A /* Question_AppApp.swift */ = {isa = PBXFileReference; lastKnownFileType = sourcecode.swift; path = Question_AppApp.swift; sourceTree = "<group>"; };
		BDBD235A2A337C600049722A /* ContentView.swift */ = {isa = PBXFileReference; lastKnownFileType = sourcecode.swift; path = ContentView.swift; sourceTree = "<group>"; };
		BDBD235C2A337C630049722A /* Assets.xcassets */ = {isa = PBXFileReference; lastKnownFileType = folder.assetcatalog; path = Assets.xcassets; sourceTree = "<group>"; };
		BDBD235F2A337C630049722A /* Preview Assets.xcassets */ = {isa = PBXFileReference; lastKnownFileType = folder.assetcatalog; path = "Preview Assets.xcassets"; sourceTree = "<group>"; };
		BDBD23662A337C9A0049722A /* FirstQuestion.swift */ = {isa = PBXFileReference; lastKnownFileType = sourcecode.swift; path = FirstQuestion.swift; sourceTree = "<group>"; };
		BDBD23682A337CB00049722A /* SecondQuestion.swift */ = {isa = PBXFileReference; lastKnownFileType = sourcecode.swift; path = SecondQuestion.swift; sourceTree = "<group>"; };
		BDBD236A2A337CC60049722A /* ThirdQuestion.swift */ = {isa = PBXFileReference; lastKnownFileType = sourcecode.swift; path = ThirdQuestion.swift; sourceTree = "<group>"; };
		BDBD236C2A337CD50049722A /* Thanks.swift */ = {isa = PBXFileReference; lastKnownFileType = sourcecode.swift; path = Thanks.swift; sourceTree = "<group>"; };
/* End PBXFileReference section */

/* Begin PBXFrameworksBuildPhase section */
		BDBD23522A337C600049722A /* Frameworks */ = {
			isa = PBXFrameworksBuildPhase;
			buildActionMask = 2147483647;
			files = (
			);
			runOnlyForDeploymentPostprocessing = 0;
		};
/* End PBXFrameworksBuildPhase section */

/* Begin PBXGroup section */
		BDBD234C2A337C600049722A = {
			isa = PBXGroup;
			children = (
				BDBD23572A337C600049722A /* Question App */,
				BDBD23562A337C600049722A /* Products */,
			);
			sourceTree = "<group>";
		};
		BDBD23562A337C600049722A /* Products */ = {
			isa = PBXGroup;
			children = (
				BDBD23552A337C600049722A /* Question App.app */,
			);
			name = Products;
			sourceTree = "<group>";
		};
		BDBD23572A337C600049722A /* Question App */ = {
			isa = PBXGroup;
			children = (
				BDBD23582A337C600049722A /* Question_AppApp.swift */,
				BDBD235A2A337C600049722A /* ContentView.swift */,
				BDBD23662A337C9A0049722A /* FirstQuestion.swift */,
				BDBD23682A337CB00049722A /* SecondQuestion.swift */,
				BDBD236A2A337CC60049722A /* ThirdQuestion.swift */,
				BDBD236C2A337CD50049722A /* Thanks.swift */,
				BDBD235C2A337C630049722A /* Assets.xcassets */,
				BDBD235E2A337C630049722A /* Preview Content */,
			);
			path = "Question App";
			sourceTree = "<group>";
		};
		BDBD235E2A337C630049722A /* Preview Content */ = {
			isa = PBXGroup;
			children = (
				BDBD235F2A337C630049722A /* Preview Assets.xcassets */,
			);
			path = "Preview Content";
			sourceTree = "<group>";
		};
/* End PBXGroup section */

/* Begin PBXNativeTarget section */
		BDBD23542A337C600049722A /* Question App */ = {
			isa = PBXNativeTarget;
			buildConfigurationList = BDBD23632A337C630049722A /* Build configuration list for PBXNativeTarget "Question App" */;
			buildPhases = (
				BDBD23512A337C600049722A /* Sources */,
				BDBD23522A337C600049722A /* Frameworks */,
				BDBD23532A337C600049722A /* Resources */,
			);
			buildRules = (
			);
			dependencies = (
			);
			name = "Question App";
			productName = "Question App";
			productReference = BDBD23552A337C600049722A /* Question App.app */;
			productType = "com.apple.product-type.application";
		};
/* End PBXNativeTarget section */

/* Begin PBXProject section */
		BDBD234D2A337C600049722A /* Project object */ = {
			isa = PBXProject;
			attributes = {
				BuildIndependentTargetsInParallel = 1;
				LastSwiftUpdateCheck = 1430;
				LastUpgradeCheck = 1430;
				TargetAttributes = {
					BDBD23542A337C600049722A = {
						CreatedOnToolsVersion = 14.3.1;
					};
				};
			};
			buildConfigurationList = BDBD23502A337C600049722A /* Build configuration list for PBXProject "Question App" */;
			compatibilityVersion = "Xcode 14.0";
			developmentRegion = en;
			hasScannedForEncodings = 0;
			knownRegions = (
				en,
				Base,
			);
			mainGroup = BDBD234C2A337C600049722A;
			productRefGroup = BDBD23562A337C600049722A /* Products */;
			projectDirPath = "";
			projectRoot = "";
			targets = (
				BDBD23542A337C600049722A /* Question App */,
			);
		};
/* End PBXProject section */

/* Begin PBXResourcesBuildPhase section */
		BDBD23532A337C600049722A /* Resources */ = {
			isa = PBXResourcesBuildPhase;
			buildActionMask = 2147483647;
			files = (
				BDBD23602A337C630049722A /* Preview Assets.xcassets in Resources */,
				BDBD235D2A337C630049722A /* Assets.xcassets in Resources */,
			);
			runOnlyForDeploymentPostprocessing = 0;
		};
/* End PBXResourcesBuildPhase section */

/* Begin PBXSourcesBuildPhase section */
		BDBD23512A337C600049722A /* Sources */ = {
			isa = PBXSourcesBuildPhase;
			buildActionMask = 2147483647;
			files = (
				BDBD23672A337C9A0049722A /* FirstQuestion.swift in Sources */,
				BDBD235B2A337C600049722A /* ContentView.swift in Sources */,
				BDBD236B2A337CC60049722A /* ThirdQuestion.swift in Sources */,
				BDBD23592A337C600049722A /* Question_AppApp.swift in Sources */,
				BDBD236D2A337CD50049722A /* Thanks.swift in Sources */,
				BDBD23692A337CB00049722A /* SecondQuestion.swift in Sources */,
			);
			runOnlyForDeploymentPostprocessing = 0;
		};
/* End PBXSourcesBuildPhase section */

/* Begin XCBuildConfiguration section */
		BDBD23612A337C630049722A /* Debug */ = {
			isa = XCBuildConfiguration;
			buildSettings = {
				ALWAYS_SEARCH_USER_PATHS = NO;
				CLANG_ANALYZER_NONNULL = YES;
				CLANG_ANALYZER_NUMBER_OBJECT_CONVERSION = YES_AGGRESSIVE;
				CLANG_CXX_LANGUAGE_STANDARD = "gnu++20";
				CLANG_ENABLE_MODULES = YES;
				CLANG_ENABLE_OBJC_ARC = YES;
				CLANG_ENABLE_OBJC_WEAK = YES;
				CLANG_WARN_BLOCK_CAPTURE_AUTORELEASING = YES;
				CLANG_WARN_BOOL_CONVERSION = YES;
				CLANG_WARN_COMMA = YES;
				CLANG_WARN_CONSTANT_CONVERSION = YES;
				CLANG_WARN_DEPRECATED_OBJC_IMPLEMENTATIONS = YES;
				CLANG_WARN_DIRECT_OBJC_ISA_USAGE = YES_ERROR;
				CLANG_WARN_DOCUMENTATION_COMMENTS = YES;
				CLANG_WARN_EMPTY_BODY = YES;
				CLANG_WARN_ENUM_CONVERSION = YES;
				CLANG_WARN_INFINITE_RECURSION = YES;
				CLANG_WARN_INT_CONVERSION = YES;
				CLANG_WARN_NON_LITERAL_NULL_CONVERSION = YES;
				CLANG_WARN_OBJC_IMPLICIT_RETAIN_SELF = YES;
				CLANG_WARN_OBJC_LITERAL_CONVERSION = YES;
				CLANG_WARN_OBJC_ROOT_CLASS = YES_ERROR;
				CLANG_WARN_QUOTED_INCLUDE_IN_FRAMEWORK_HEADER = YES;
				CLANG_WARN_RANGE_LOOP_ANALYSIS = YES;
				CLANG_WARN_STRICT_PROTOTYPES = YES;
				CLANG_WARN_SUSPICIOUS_MOVE = YES;
				CLANG_WARN_UNGUARDED_AVAILABILITY = YES_AGGRESSIVE;
				CLANG_WARN_UNREACHABLE_CODE = YES;
				CLANG_WARN__DUPLICATE_METHOD_MATCH = YES;
				COPY_PHASE_STRIP = NO;
				DEBUG_INFORMATION_FORMAT = dwarf;
				ENABLE_STRICT_OBJC_MSGSEND = YES;
				ENABLE_TESTABILITY = YES;
				GCC_C_LANGUAGE_STANDARD = gnu11;
				GCC_DYNAMIC_NO_PIC = NO;
				GCC_NO_COMMON_BLOCKS = YES;
				GCC_OPTIMIZATION_LEVEL = 0;
				GCC_PREPROCESSOR_DEFINITIONS = (
					"DEBUG=1",
					"$(inherited)",
				);
				GCC_WARN_64_TO_32_BIT_CONVERSION = YES;
				GCC_WARN_ABOUT_RETURN_TYPE = YES_ERROR;
				GCC_WARN_UNDECLARED_SELECTOR = YES;
				GCC_WARN_UNINITIALIZED_AUTOS = YES_AGGRESSIVE;
				GCC_WARN_UNUSED_FUNCTION = YES;
				GCC_WARN_UNUSED_VARIABLE = YES;
				IPHONEOS_DEPLOYMENT_TARGET = 16.4;
				MTL_ENABLE_DEBUG_INFO = INCLUDE_SOURCE;
				MTL_FAST_MATH = YES;
				ONLY_ACTIVE_ARCH = YES;
				SDKROOT = iphoneos;
				SWIFT_ACTIVE_COMPILATION_CONDITIONS = DEBUG;
				SWIFT_OPTIMIZATION_LEVEL = "-Onone";
			};
			name = Debug;
		};
		BDBD23622A337C630049722A /* Release */ = {
			isa = XCBuildConfiguration;
			buildSettings = {
				ALWAYS_SEARCH_USER_PATHS = NO;
				CLANG_ANALYZER_NONNULL = YES;
				CLANG_ANALYZER_NUMBER_OBJECT_CONVERSION = YES_AGGRESSIVE;
				CLANG_CXX_LANGUAGE_STANDARD = "gnu++20";
				CLANG_ENABLE_MODULES = YES;
				CLANG_ENABLE_OBJC_ARC = YES;
				CLANG_ENABLE_OBJC_WEAK = YES;
				CLANG_WARN_BLOCK_CAPTURE_AUTORELEASING = YES;
				CLANG_WARN_BOOL_CONVERSION = YES;
				CLANG_WARN_COMMA = YES;
				CLANG_WARN_CONSTANT_CONVERSION = YES;
				CLANG_WARN_DEPRECATED_OBJC_IMPLEMENTATIONS = YES;
				CLANG_WARN_DIRECT_OBJC_ISA_USAGE = YES_ERROR;
				CLANG_WARN_DOCUMENTATION_COMMENTS = YES;
				CLANG_WARN_EMPTY_BODY = YES;
				CLANG_WARN_ENUM_CONVERSION = YES;
				CLANG_WARN_INFINITE_RECURSION = YES;
				CLANG_WARN_INT_CONVERSION = YES;
				CLANG_WARN_NON_LITERAL_NULL_CONVERSION = YES;
				CLANG_WARN_OBJC_IMPLICIT_RETAIN_SELF = YES;
				CLANG_WARN_OBJC_LITERAL_CONVERSION = YES;
				CLANG_WARN_OBJC_ROOT_CLASS = YES_ERROR;
				CLANG_WARN_QUOTED_INCLUDE_IN_FRAMEWORK_HEADER = YES;
				CLANG_WARN_RANGE_LOOP_ANALYSIS = YES;
				CLANG_WARN_STRICT_PROTOTYPES = YES;
				CLANG_WARN_SUSPICIOUS_MOVE = YES;
				CLANG_WARN_UNGUARDED_AVAILABILITY = YES_AGGRESSIVE;
				CLANG_WARN_UNREACHABLE_CODE = YES;
				CLANG_WARN__DUPLICATE_METHOD_MATCH = YES;
				COPY_PHASE_STRIP = NO;
				DEBUG_INFORMATION_FORMAT = "dwarf-with-dsym";
				ENABLE_NS_ASSERTIONS = NO;
				ENABLE_STRICT_OBJC_MSGSEND = YES;
				GCC_C_LANGUAGE_STANDARD = gnu11;
				GCC_NO_COMMON_BLOCKS = YES;
				GCC_WARN_64_TO_32_BIT_CONVERSION = YES;
				GCC_WARN_ABOUT_RETURN_TYPE = YES_ERROR;
				GCC_WARN_UNDECLARED_SELECTOR = YES;
				GCC_WARN_UNINITIALIZED_AUTOS = YES_AGGRESSIVE;
				GCC_WARN_UNUSED_FUNCTION = YES;
				GCC_WARN_UNUSED_VARIABLE = YES;
				IPHONEOS_DEPLOYMENT_TARGET = 16.4;
				MTL_ENABLE_DEBUG_INFO = NO;
				MTL_FAST_MATH = YES;
				SDKROOT = iphoneos;
				SWIFT_COMPILATION_MODE = wholemodule;
				SWIFT_OPTIMIZATION_LEVEL = "-O";
				VALIDATE_PRODUCT = YES;
			};
			name = Release;
		};
		BDBD23642A337C630049722A /* Debug */ = {
			isa = XCBuildConfiguration;
			buildSettings = {
				ASSETCATALOG_COMPILER_APPICON_NAME = AppIcon;
				ASSETCATALOG_COMPILER_GLOBAL_ACCENT_COLOR_NAME = AccentColor;
				CODE_SIGN_STYLE = Automatic;
				CURRENT_PROJECT_VERSION = 1;
				DEVELOPMENT_ASSET_PATHS = "\"Question App/Preview Content\"";
				ENABLE_PREVIEWS = YES;
				GENERATE_INFOPLIST_FILE = YES;
				INFOPLIST_KEY_UIApplicationSceneManifest_Generation = YES;
				INFOPLIST_KEY_UIApplicationSupportsIndirectInputEvents = YES;
				INFOPLIST_KEY_UILaunchScreen_Generation = YES;
				INFOPLIST_KEY_UISupportedInterfaceOrientations_iPad = "UIInterfaceOrientationPortrait UIInterfaceOrientationPortraitUpsideDown UIInterfaceOrientationLandscapeLeft UIInterfaceOrientationLandscapeRight";
				INFOPLIST_KEY_UISupportedInterfaceOrientations_iPhone = "UIInterfaceOrientationPortrait UIInterfaceOrientationLandscapeLeft UIInterfaceOrientationLandscapeRight";
				LD_RUNPATH_SEARCH_PATHS = (
					"$(inherited)",
					"@executable_path/Frameworks",
				);
				MARKETING_VERSION = 1.0;
				PRODUCT_BUNDLE_IDENTIFIER = "KWK.Question-App";
				PRODUCT_NAME = "$(TARGET_NAME)";
				SWIFT_EMIT_LOC_STRINGS = YES;
				SWIFT_VERSION = 5.0;
				TARGETED_DEVICE_FAMILY = "1,2";
			};
			name = Debug;
		};
		BDBD23652A337C630049722A /* Release */ = {
			isa = XCBuildConfiguration;
			buildSettings = {
				ASSETCATALOG_COMPILER_APPICON_NAME = AppIcon;
				ASSETCATALOG_COMPILER_GLOBAL_ACCENT_COLOR_NAME = AccentColor;
				CODE_SIGN_STYLE = Automatic;
				CURRENT_PROJECT_VERSION = 1;
				DEVELOPMENT_ASSET_PATHS = "\"Question App/Preview Content\"";
				ENABLE_PREVIEWS = YES;
				GENERATE_INFOPLIST_FILE = YES;
				INFOPLIST_KEY_UIApplicationSceneManifest_Generation = YES;
				INFOPLIST_KEY_UIApplicationSupportsIndirectInputEvents = YES;
				INFOPLIST_KEY_UILaunchScreen_Generation = YES;
				INFOPLIST_KEY_UISupportedInterfaceOrientations_iPad = "UIInterfaceOrientationPortrait UIInterfaceOrientationPortraitUpsideDown UIInterfaceOrientationLandscapeLeft UIInterfaceOrientationLandscapeRight";
				INFOPLIST_KEY_UISupportedInterfaceOrientations_iPhone = "UIInterfaceOrientationPortrait UIInterfaceOrientationLandscapeLeft UIInterfaceOrientationLandscapeRight";
				LD_RUNPATH_SEARCH_PATHS = (
					"$(inherited)",
					"@executable_path/Frameworks",
				);
				MARKETING_VERSION = 1.0;
				PRODUCT_BUNDLE_IDENTIFIER = "KWK.Question-App";
				PRODUCT_NAME = "$(TARGET_NAME)";
				SWIFT_EMIT_LOC_STRINGS = YES;
				SWIFT_VERSION = 5.0;
				TARGETED_DEVICE_FAMILY = "1,2";
			};
			name = Release;
		};
/* End XCBuildConfiguration section */

/* Begin XCConfigurationList section */
		BDBD23502A337C600049722A /* Build configuration list for PBXProject "Question App" */ = {
			isa = XCConfigurationList;
			buildConfigurations = (
				BDBD23612A337C630049722A /* Debug */,
				BDBD23622A337C630049722A /* Release */,
			);
			defaultConfigurationIsVisible = 0;
			defaultConfigurationName = Release;
		};
		BDBD23632A337C630049722A /* Build configuration list for PBXNativeTarget "Question App" */ = {
			isa = XCConfigurationList;
			buildConfigurations = (
				BDBD23642A337C630049722A /* Debug */,
				BDBD23652A337C630049722A /* Release */,
			);
			defaultConfigurationIsVisible = 0;
			defaultConfigurationName = Release;
		};
/* End XCConfigurationList section */
	};
	rootObject = BDBD234D2A337C600049722A /* Project object */;
}
